
Microsoft Visual Studio Solution File, Format Version 12.00
# Visual Studio Version 16
VisualStudioVersion = 16.0.28803.156
MinimumVisualStudioVersion = 10.0.40219.1
Project("{888888A0-9F3D-457C-B088-3A5042F75D52}") = "MNIST_NeuralNetwork", "MNIST_NeuralNetwork.pyproj", "{B821D049-ABE4-44C0-91AB-338540FC5556}"
EndProject
Global
	GlobalSection(SolutionConfigurationPlatforms) = preSolution
		Debug|Any CPU = Debug|Any CPU
		Release|Any CPU = Release|Any CPU
	EndGlobalSection
	GlobalSection(ProjectConfigurationPlatforms) = postSolution
		{B821D049-ABE4-44C0-91AB-338540FC5556}.Debug|Any CPU.ActiveCfg = Debug|Any CPU
		{B821D049-ABE4-44C0-91AB-338540FC5556}.Release|Any CPU.ActiveCfg = Release|Any CPU
	EndGlobalSection
	GlobalSection(SolutionProperties) = preSolution
		HideSolutionNode = FALSE
	EndGlobalSection
	GlobalSection(ExtensibilityGlobals) = postSolution
		SolutionGuid = {3A167581-46AE-4D58-81F1-28825BEADD61}
	EndGlobalSection
EndGlobal
